
Microsoft Visual Studio Solution File, Format Version 12.00
# Visual Studio Version 16
VisualStudioVersion = 16.0.31229.75
MinimumVisualStudioVersion = 10.0.40219.1
Project("{8BC9CEB8-8B4A-11D0-8D11-00A0C91BC942}") = "Task-1", "Task-1.vcxproj", "{CDF0A8C9-1924-4DB5-931D-F8574E044B29}"
EndProject
Global
	GlobalSection(SolutionConfigurationPlatforms) = preSolution
		Debug|x64 = Debug|x64
		Debug|x86 = Debug|x86
		Release|x64 = Release|x64
		Release|x86 = Release|x86
	EndGlobalSection
	GlobalSection(ProjectConfigurationPlatforms) = postSolution
		{CDF0A8C9-1924-4DB5-931D-F8574E044B29}.Debug|x64.ActiveCfg = Debug|x64
		{CDF0A8C9-1924-4DB5-931D-F8574E044B29}.Debug|x64.Build.0 = Debug|x64
		{CDF0A8C9-1924-4DB5-931D-F8574E044B29}.Debug|x86.ActiveCfg = Debug|Win32
		{CDF0A8C9-1924-4DB5-931D-F8574E044B29}.Debug|x86.Build.0 = Debug|Win32
		{CDF0A8C9-1924-4DB5-931D-F8574E044B29}.Release|x64.ActiveCfg = Release|x64
		{CDF0A8C9-1924-4DB5-931D-F8574E044B29}.Release|x64.Build.0 = Release|x64
		{CDF0A8C9-1924-4DB5-931D-F8574E044B29}.Release|x86.ActiveCfg = Release|Win32
		{CDF0A8C9-1924-4DB5-931D-F8574E044B29}.Release|x86.Build.0 = Release|Win32
	EndGlobalSection
	GlobalSection(SolutionProperties) = preSolution
		HideSolutionNode = FALSE
	EndGlobalSection
	GlobalSection(ExtensibilityGlobals) = postSolution
		SolutionGuid = {2E035B4B-CEC7-4073-BAA5-BF8E03664A5C}
	EndGlobalSection
EndGlobal
