
Microsoft Visual Studio Solution File, Format Version 12.00
# Visual Studio Version 16
VisualStudioVersion = 16.0.29709.97
MinimumVisualStudioVersion = 10.0.40219.1
Project("{8BC9CEB8-8B4A-11D0-8D11-00A0C91BC942}") = "Task-6", "Task-6.vcxproj", "{DB78AFEB-A226-4CBA-BD35-FF613D13F480}"
EndProject
Global
	GlobalSection(SolutionConfigurationPlatforms) = preSolution
		Debug|x64 = Debug|x64
		Debug|x86 = Debug|x86
		Release|x64 = Release|x64
		Release|x86 = Release|x86
	EndGlobalSection
	GlobalSection(ProjectConfigurationPlatforms) = postSolution
		{DB78AFEB-A226-4CBA-BD35-FF613D13F480}.Debug|x64.ActiveCfg = Debug|x64
		{DB78AFEB-A226-4CBA-BD35-FF613D13F480}.Debug|x64.Build.0 = Debug|x64
		{DB78AFEB-A226-4CBA-BD35-FF613D13F480}.Debug|x86.ActiveCfg = Debug|Win32
		{DB78AFEB-A226-4CBA-BD35-FF613D13F480}.Debug|x86.Build.0 = Debug|Win32
		{DB78AFEB-A226-4CBA-BD35-FF613D13F480}.Release|x64.ActiveCfg = Release|x64
		{DB78AFEB-A226-4CBA-BD35-FF613D13F480}.Release|x64.Build.0 = Release|x64
		{DB78AFEB-A226-4CBA-BD35-FF613D13F480}.Release|x86.ActiveCfg = Release|Win32
		{DB78AFEB-A226-4CBA-BD35-FF613D13F480}.Release|x86.Build.0 = Release|Win32
	EndGlobalSection
	GlobalSection(SolutionProperties) = preSolution
		HideSolutionNode = FALSE
	EndGlobalSection
	GlobalSection(ExtensibilityGlobals) = postSolution
		SolutionGuid = {94B0F4EB-EDCC-4AD4-AAE7-64DAF9BED37B}
	EndGlobalSection
EndGlobal
