
Microsoft Visual Studio Solution File, Format Version 12.00
# Visual Studio Version 16
VisualStudioVersion = 16.0.29709.97
MinimumVisualStudioVersion = 10.0.40219.1
Project("{8BC9CEB8-8B4A-11D0-8D11-00A0C91BC942}") = "Задача 3. Майские!", "Задача 3. Майские!.vcxproj", "{EB9F321F-7118-45BA-805C-7514DE687410}"
EndProject
Global
	GlobalSection(SolutionConfigurationPlatforms) = preSolution
		Debug|x64 = Debug|x64
		Debug|x86 = Debug|x86
		Release|x64 = Release|x64
		Release|x86 = Release|x86
	EndGlobalSection
	GlobalSection(ProjectConfigurationPlatforms) = postSolution
		{EB9F321F-7118-45BA-805C-7514DE687410}.Debug|x64.ActiveCfg = Debug|x64
		{EB9F321F-7118-45BA-805C-7514DE687410}.Debug|x64.Build.0 = Debug|x64
		{EB9F321F-7118-45BA-805C-7514DE687410}.Debug|x86.ActiveCfg = Debug|Win32
		{EB9F321F-7118-45BA-805C-7514DE687410}.Debug|x86.Build.0 = Debug|Win32
		{EB9F321F-7118-45BA-805C-7514DE687410}.Release|x64.ActiveCfg = Release|x64
		{EB9F321F-7118-45BA-805C-7514DE687410}.Release|x64.Build.0 = Release|x64
		{EB9F321F-7118-45BA-805C-7514DE687410}.Release|x86.ActiveCfg = Release|Win32
		{EB9F321F-7118-45BA-805C-7514DE687410}.Release|x86.Build.0 = Release|Win32
	EndGlobalSection
	GlobalSection(SolutionProperties) = preSolution
		HideSolutionNode = FALSE
	EndGlobalSection
	GlobalSection(ExtensibilityGlobals) = postSolution
		SolutionGuid = {9CF300D1-2CC8-4239-804F-E261C4EAAB05}
	EndGlobalSection
EndGlobal
